
Microsoft Visual Studio Solution File, Format Version 12.00
# Visual Studio Version 16
VisualStudioVersion = 16.0.29926.136
MinimumVisualStudioVersion = 10.0.40219.1
Project("{FAE04EC0-301F-11D3-BF4B-00C04F79EFBC}") = "2", "2\2.csproj", "{DCC7ABB3-ACC8-4BC0-BF9F-1B6AD1372B8E}"
EndProject
Global
	GlobalSection(SolutionConfigurationPlatforms) = preSolution
		Debug|Any CPU = Debug|Any CPU
		Release|Any CPU = Release|Any CPU
	EndGlobalSection
	GlobalSection(ProjectConfigurationPlatforms) = postSolution
		{DCC7ABB3-ACC8-4BC0-BF9F-1B6AD1372B8E}.Debug|Any CPU.ActiveCfg = Debug|Any CPU
		{DCC7ABB3-ACC8-4BC0-BF9F-1B6AD1372B8E}.Debug|Any CPU.Build.0 = Debug|Any CPU
		{DCC7ABB3-ACC8-4BC0-BF9F-1B6AD1372B8E}.Release|Any CPU.ActiveCfg = Release|Any CPU
		{DCC7ABB3-ACC8-4BC0-BF9F-1B6AD1372B8E}.Release|Any CPU.Build.0 = Release|Any CPU
	EndGlobalSection
	GlobalSection(SolutionProperties) = preSolution
		HideSolutionNode = FALSE
	EndGlobalSection
	GlobalSection(ExtensibilityGlobals) = postSolution
		SolutionGuid = {E110A4E2-F062-44A0-AE40-1144DB358936}
	EndGlobalSection
EndGlobal
