
Microsoft Visual Studio Solution File, Format Version 12.00
# Visual Studio Version 16
VisualStudioVersion = 16.0.29926.136
MinimumVisualStudioVersion = 10.0.40219.1
Project("{FAE04EC0-301F-11D3-BF4B-00C04F79EFBC}") = "5", "5\5.csproj", "{E1427913-6D41-43E8-B386-15D8038620A9}"
EndProject
Global
	GlobalSection(SolutionConfigurationPlatforms) = preSolution
		Debug|Any CPU = Debug|Any CPU
		Release|Any CPU = Release|Any CPU
	EndGlobalSection
	GlobalSection(ProjectConfigurationPlatforms) = postSolution
		{E1427913-6D41-43E8-B386-15D8038620A9}.Debug|Any CPU.ActiveCfg = Debug|Any CPU
		{E1427913-6D41-43E8-B386-15D8038620A9}.Debug|Any CPU.Build.0 = Debug|Any CPU
		{E1427913-6D41-43E8-B386-15D8038620A9}.Release|Any CPU.ActiveCfg = Release|Any CPU
		{E1427913-6D41-43E8-B386-15D8038620A9}.Release|Any CPU.Build.0 = Release|Any CPU
	EndGlobalSection
	GlobalSection(SolutionProperties) = preSolution
		HideSolutionNode = FALSE
	EndGlobalSection
	GlobalSection(ExtensibilityGlobals) = postSolution
		SolutionGuid = {9B07C728-5CC4-48FF-BA48-1F8E90DC0E00}
	EndGlobalSection
EndGlobal
