
Microsoft Visual Studio Solution File, Format Version 12.00
# Visual Studio Version 16
VisualStudioVersion = 16.0.30621.155
MinimumVisualStudioVersion = 10.0.40219.1
Project("{FAE04EC0-301F-11D3-BF4B-00C04F79EFBC}") = "1", "1\1.csproj", "{AD1715A8-C8B0-42FD-AF5F-07A2D60EEECE}"
EndProject
Global
	GlobalSection(SolutionConfigurationPlatforms) = preSolution
		Debug|Any CPU = Debug|Any CPU
		Release|Any CPU = Release|Any CPU
	EndGlobalSection
	GlobalSection(ProjectConfigurationPlatforms) = postSolution
		{AD1715A8-C8B0-42FD-AF5F-07A2D60EEECE}.Debug|Any CPU.ActiveCfg = Debug|Any CPU
		{AD1715A8-C8B0-42FD-AF5F-07A2D60EEECE}.Debug|Any CPU.Build.0 = Debug|Any CPU
		{AD1715A8-C8B0-42FD-AF5F-07A2D60EEECE}.Release|Any CPU.ActiveCfg = Release|Any CPU
		{AD1715A8-C8B0-42FD-AF5F-07A2D60EEECE}.Release|Any CPU.Build.0 = Release|Any CPU
	EndGlobalSection
	GlobalSection(SolutionProperties) = preSolution
		HideSolutionNode = FALSE
	EndGlobalSection
	GlobalSection(ExtensibilityGlobals) = postSolution
		SolutionGuid = {EB9514B6-DFDC-49BE-8084-48DBFFB5B820}
	EndGlobalSection
EndGlobal
