
Microsoft Visual Studio Solution File, Format Version 12.00
# Visual Studio Version 16
VisualStudioVersion = 16.0.30621.155
MinimumVisualStudioVersion = 10.0.40219.1
Project("{FAE04EC0-301F-11D3-BF4B-00C04F79EFBC}") = "2", "2\2.csproj", "{2AF434C2-2DFE-41DD-8EAF-FB9FE29661A8}"
EndProject
Global
	GlobalSection(SolutionConfigurationPlatforms) = preSolution
		Debug|Any CPU = Debug|Any CPU
		Release|Any CPU = Release|Any CPU
	EndGlobalSection
	GlobalSection(ProjectConfigurationPlatforms) = postSolution
		{2AF434C2-2DFE-41DD-8EAF-FB9FE29661A8}.Debug|Any CPU.ActiveCfg = Debug|Any CPU
		{2AF434C2-2DFE-41DD-8EAF-FB9FE29661A8}.Debug|Any CPU.Build.0 = Debug|Any CPU
		{2AF434C2-2DFE-41DD-8EAF-FB9FE29661A8}.Release|Any CPU.ActiveCfg = Release|Any CPU
		{2AF434C2-2DFE-41DD-8EAF-FB9FE29661A8}.Release|Any CPU.Build.0 = Release|Any CPU
	EndGlobalSection
	GlobalSection(SolutionProperties) = preSolution
		HideSolutionNode = FALSE
	EndGlobalSection
	GlobalSection(ExtensibilityGlobals) = postSolution
		SolutionGuid = {91781C4C-1A28-4A90-AA06-78A871E414AB}
	EndGlobalSection
EndGlobal
