
Microsoft Visual Studio Solution File, Format Version 12.00
# Visual Studio Version 16
VisualStudioVersion = 16.0.29926.136
MinimumVisualStudioVersion = 10.0.40219.1
Project("{FAE04EC0-301F-11D3-BF4B-00C04F79EFBC}") = "3", "3\3.csproj", "{87857FBC-3FDB-4CE0-9574-7BCCF6E1B118}"
EndProject
Global
	GlobalSection(SolutionConfigurationPlatforms) = preSolution
		Debug|Any CPU = Debug|Any CPU
		Release|Any CPU = Release|Any CPU
	EndGlobalSection
	GlobalSection(ProjectConfigurationPlatforms) = postSolution
		{87857FBC-3FDB-4CE0-9574-7BCCF6E1B118}.Debug|Any CPU.ActiveCfg = Debug|Any CPU
		{87857FBC-3FDB-4CE0-9574-7BCCF6E1B118}.Debug|Any CPU.Build.0 = Debug|Any CPU
		{87857FBC-3FDB-4CE0-9574-7BCCF6E1B118}.Release|Any CPU.ActiveCfg = Release|Any CPU
		{87857FBC-3FDB-4CE0-9574-7BCCF6E1B118}.Release|Any CPU.Build.0 = Release|Any CPU
	EndGlobalSection
	GlobalSection(SolutionProperties) = preSolution
		HideSolutionNode = FALSE
	EndGlobalSection
	GlobalSection(ExtensibilityGlobals) = postSolution
		SolutionGuid = {9DF85155-3CB0-4460-BF59-FEB839DD3C4A}
	EndGlobalSection
EndGlobal
