
Microsoft Visual Studio Solution File, Format Version 12.00
# Visual Studio Version 16
VisualStudioVersion = 16.0.30621.155
MinimumVisualStudioVersion = 10.0.40219.1
Project("{FAE04EC0-301F-11D3-BF4B-00C04F79EFBC}") = "3", "3\3.csproj", "{A874235F-062E-4212-BE03-8F3BA92941FE}"
EndProject
Global
	GlobalSection(SolutionConfigurationPlatforms) = preSolution
		Debug|Any CPU = Debug|Any CPU
		Release|Any CPU = Release|Any CPU
	EndGlobalSection
	GlobalSection(ProjectConfigurationPlatforms) = postSolution
		{A874235F-062E-4212-BE03-8F3BA92941FE}.Debug|Any CPU.ActiveCfg = Debug|Any CPU
		{A874235F-062E-4212-BE03-8F3BA92941FE}.Debug|Any CPU.Build.0 = Debug|Any CPU
		{A874235F-062E-4212-BE03-8F3BA92941FE}.Release|Any CPU.ActiveCfg = Release|Any CPU
		{A874235F-062E-4212-BE03-8F3BA92941FE}.Release|Any CPU.Build.0 = Release|Any CPU
	EndGlobalSection
	GlobalSection(SolutionProperties) = preSolution
		HideSolutionNode = FALSE
	EndGlobalSection
	GlobalSection(ExtensibilityGlobals) = postSolution
		SolutionGuid = {CE33A14B-9EC7-4F52-AB97-21F8F1B85612}
	EndGlobalSection
EndGlobal
